// !$*UTF8*$!
{
	archiveVersion = 1;
	classes = {
	};
	objectVersion = 46;
	objects = {

/* Begin PBXBuildFile section */
		C0324A1B1ED1C8690029C134 /* main.m in Sources */ = {isa = PBXBuildFile; fileRef = C0324A1A1ED1C8690029C134 /* main.m */; };
		C0324A1E1ED1C8690029C134 /* AppDelegate.m in Sources */ = {isa = PBXBuildFile; fileRef = C0324A1D1ED1C8690029C134 /* AppDelegate.m */; };
		C0324A211ED1C8690029C134 /* ViewController.m in Sources */ = {isa = PBXBuildFile; fileRef = C0324A201ED1C8690029C134 /* ViewController.m */; };
		C0324A241ED1C8690029C134 /* Main.storyboard in Resources */ = {isa = PBXBuildFile; fileRef = C0324A221ED1C8690029C134 /* Main.storyboard */; };
		C0324A271ED1C8690029C134 /* Checkers_Demo.xcdatamodeld in Sources */ = {isa = PBXBuildFile; fileRef = C0324A251ED1C8690029C134 /* Checkers_Demo.xcdatamodeld */; };
		C0324A291ED1C8690029C134 /* Assets.xcassets in Resources */ = {isa = PBXBuildFile; fileRef = C0324A281ED1C8690029C134 /* Assets.xcassets */; };
		C0324A2C1ED1C8690029C134 /* LaunchScreen.storyboard in Resources */ = {isa = PBXBuildFile; fileRef = C0324A2A1ED1C8690029C134 /* LaunchScreen.storyboard */; };
		C0324A371ED1C86A0029C134 /* Checkers_DemoTests.m in Sources */ = {isa = PBXBuildFile; fileRef = C0324A361ED1C86A0029C134 /* Checkers_DemoTests.m */; };
		C0324A421ED1C86B0029C134 /* Checkers_DemoUITests.m in Sources */ = {isa = PBXBuildFile; fileRef = C0324A411ED1C86B0029C134 /* Checkers_DemoUITests.m */; };
/* End PBXBuildFile section */

/* Begin PBXContainerItemProxy section */
		C0324A331ED1C86A0029C134 /* PBXContainerItemProxy */ = {
			isa = PBXContainerItemProxy;
			containerPortal = C0324A0E1ED1C8690029C134 /* Project object */;
			proxyType = 1;
			remoteGlobalIDString = C0324A151ED1C8690029C134;
			remoteInfo = "Checkers Demo";
		};
		C0324A3E1ED1C86A0029C134 /* PBXContainerItemProxy */ = {
			isa = PBXContainerItemProxy;
			containerPortal = C0324A0E1ED1C8690029C134 /* Project object */;
			proxyType = 1;
			remoteGlobalIDString = C0324A151ED1C8690029C134;
			remoteInfo = "Checkers Demo";
		};
/* End PBXContainerItemProxy section */

/* Begin PBXFileReference section */
		C0324A161ED1C8690029C134 /* Checkers Demo.app */ = {isa = PBXFileReference; explicitFileType = wrapper.application; includeInIndex = 0; path = "Checkers Demo.app"; sourceTree = BUILT_PRODUCTS_DIR; };
		C0324A1A1ED1C8690029C134 /* main.m */ = {isa = PBXFileReference; lastKnownFileType = sourcecode.c.objc; path = main.m; sourceTree = "<group>"; };
		C0324A1C1ED1C8690029C134 /* AppDelegate.h */ = {isa = PBXFileReference; lastKnownFileType = sourcecode.c.h; path = AppDelegate.h; sourceTree = "<group>"; };
		C0324A1D1ED1C8690029C134 /* AppDelegate.m */ = {isa = PBXFileReference; lastKnownFileType = sourcecode.c.objc; path = AppDelegate.m; sourceTree = "<group>"; };
		C0324A1F1ED1C8690029C134 /* ViewController.h */ = {isa = PBXFileReference; lastKnownFileType = sourcecode.c.h; path = ViewController.h; sourceTree = "<group>"; };
		C0324A201ED1C8690029C134 /* ViewController.m */ = {isa = PBXFileReference; lastKnownFileType = sourcecode.c.objc; path = ViewController.m; sourceTree = "<group>"; };
		C0324A231ED1C8690029C134 /* Base */ = {isa = PBXFileReference; lastKnownFileType = file.storyboard; name = Base; path = Base.lproj/Main.storyboard; sourceTree = "<group>"; };
		C0324A261ED1C8690029C134 /* Checkers_Demo.xcdatamodel */ = {isa = PBXFileReference; lastKnownFileType = wrapper.xcdatamodel; path = Checkers_Demo.xcdatamodel; sourceTree = "<group>"; };
		C0324A281ED1C8690029C134 /* Assets.xcassets */ = {isa = PBXFileReference; lastKnownFileType = folder.assetcatalog; path = Assets.xcassets; sourceTree = "<group>"; };
		C0324A2B1ED1C8690029C134 /* Base */ = {isa = PBXFileReference; lastKnownFileType = file.storyboard; name = Base; path = Base.lproj/LaunchScreen.storyboard; sourceTree = "<group>"; };
		C0324A2D1ED1C8690029C134 /* Info.plist */ = {isa = PBXFileReference; lastKnownFileType = text.plist.xml; path = Info.plist; sourceTree = "<group>"; };
		C0324A321ED1C86A0029C134 /* Checkers DemoTests.xctest */ = {isa = PBXFileReference; explicitFileType = wrapper.cfbundle; includeInIndex = 0; path = "Checkers DemoTests.xctest"; sourceTree = BUILT_PRODUCTS_DIR; };
		C0324A361ED1C86A0029C134 /* Checkers_DemoTests.m */ = {isa = PBXFileReference; lastKnownFileType = sourcecode.c.objc; path = Checkers_DemoTests.m; sourceTree = "<group>"; };
		C0324A381ED1C86A0029C134 /* Info.plist */ = {isa = PBXFileReference; lastKnownFileType = text.plist.xml; path = Info.plist; sourceTree = "<group>"; };
		C0324A3D1ED1C86A0029C134 /* Checkers DemoUITests.xctest */ = {isa = PBXFileReference; explicitFileType = wrapper.cfbundle; includeInIndex = 0; path = "Checkers DemoUITests.xctest"; sourceTree = BUILT_PRODUCTS_DIR; };
		C0324A411ED1C86B0029C134 /* Checkers_DemoUITests.m */ = {isa = PBXFileReference; lastKnownFileType = sourcecode.c.objc; path = Checkers_DemoUITests.m; sourceTree = "<group>"; };
		C0324A431ED1C86B0029C134 /* Info.plist */ = {isa = PBXFileReference; lastKnownFileType = text.plist.xml; path = Info.plist; sourceTree = "<group>"; };
/* End PBXFileReference section */

/* Begin PBXFrameworksBuildPhase section */
		C0324A131ED1C8690029C134 /* Frameworks */ = {
			isa = PBXFrameworksBuildPhase;
			buildActionMask = 2147483647;
			files = (
			);
			runOnlyForDeploymentPostprocessing = 0;
		};
		C0324A2F1ED1C86A0029C134 /* Frameworks */ = {
			isa = PBXFrameworksBuildPhase;
			buildActionMask = 2147483647;
			files = (
			);
			runOnlyForDeploymentPostprocessing = 0;
		};
		C0324A3A1ED1C86A0029C134 /* Frameworks */ = {
			isa = PBXFrameworksBuildPhase;
			buildActionMask = 2147483647;
			files = (
			);
			runOnlyForDeploymentPostprocessing = 0;
		};
/* End PBXFrameworksBuildPhase section */

/* Begin PBXGroup section */
		C0324A0D1ED1C8690029C134 = {
			isa = PBXGroup;
			children = (
				C0324A181ED1C8690029C134 /* Checkers Demo */,
				C0324A351ED1C86A0029C134 /* Checkers DemoTests */,
				C0324A401ED1C86A0029C134 /* Checkers DemoUITests */,
				C0324A171ED1C8690029C134 /* Products */,
			);
			sourceTree = "<group>";
		};
		C0324A171ED1C8690029C134 /* Products */ = {
			isa = PBXGroup;
			children = (
				C0324A161ED1C8690029C134 /* Checkers Demo.app */,
				C0324A321ED1C86A0029C134 /* Checkers DemoTests.xctest */,
				C0324A3D1ED1C86A0029C134 /* Checkers DemoUITests.xctest */,
			);
			name = Products;
			sourceTree = "<group>";
		};
		C0324A181ED1C8690029C134 /* Checkers Demo */ = {
			isa = PBXGroup;
			children = (
				C0324A1C1ED1C8690029C134 /* AppDelegate.h */,
				C0324A1D1ED1C8690029C134 /* AppDelegate.m */,
				C0324A1F1ED1C8690029C134 /* ViewController.h */,
				C0324A201ED1C8690029C134 /* ViewController.m */,
				C0324A221ED1C8690029C134 /* Main.storyboard */,
				C0324A281ED1C8690029C134 /* Assets.xcassets */,
				C0324A2A1ED1C8690029C134 /* LaunchScreen.storyboard */,
				C0324A2D1ED1C8690029C134 /* Info.plist */,
				C0324A251ED1C8690029C134 /* Checkers_Demo.xcdatamodeld */,
				C0324A191ED1C8690029C134 /* Supporting Files */,
			);
			path = "Checkers Demo";
			sourceTree = "<group>";
		};
		C0324A191ED1C8690029C134 /* Supporting Files */ = {
			isa = PBXGroup;
			children = (
				C0324A1A1ED1C8690029C134 /* main.m */,
			);
			name = "Supporting Files";
			sourceTree = "<group>";
		};
		C0324A351ED1C86A0029C134 /* Checkers DemoTests */ = {
			isa = PBXGroup;
			children = (
				C0324A361ED1C86A0029C134 /* Checkers_DemoTests.m */,
				C0324A381ED1C86A0029C134 /* Info.plist */,
			);
			path = "Checkers DemoTests";
			sourceTree = "<group>";
		};
		C0324A401ED1C86A0029C134 /* Checkers DemoUITests */ = {
			isa = PBXGroup;
			children = (
				C0324A411ED1C86B0029C134 /* Checkers_DemoUITests.m */,
				C0324A431ED1C86B0029C134 /* Info.plist */,
			);
			path = "Checkers DemoUITests";
			sourceTree = "<group>";
		};
/* End PBXGroup section */

/* Begin PBXNativeTarget section */
		C0324A151ED1C8690029C134 /* Checkers Demo */ = {
			isa = PBXNativeTarget;
			buildConfigurationList = C0324A461ED1C86B0029C134 /* Build configuration list for PBXNativeTarget "Checkers Demo" */;
			buildPhases = (
				C0324A121ED1C8690029C134 /* Sources */,
				C0324A131ED1C8690029C134 /* Frameworks */,
				C0324A141ED1C8690029C134 /* Resources */,
			);
			buildRules = (
			);
			dependencies = (
			);
			name = "Checkers Demo";
			productName = "Checkers Demo";
			productReference = C0324A161ED1C8690029C134 /* Checkers Demo.app */;
			productType = "com.apple.product-type.application";
		};
		C0324A311ED1C86A0029C134 /* Checkers DemoTests */ = {
			isa = PBXNativeTarget;
			buildConfigurationList = C0324A491ED1C86B0029C134 /* Build configuration list for PBXNativeTarget "Checkers DemoTests" */;
			buildPhases = (
				C0324A2E1ED1C86A0029C134 /* Sources */,
				C0324A2F1ED1C86A0029C134 /* Frameworks */,
				C0324A301ED1C86A0029C134 /* Resources */,
			);
			buildRules = (
			);
			dependencies = (
				C0324A341ED1C86A0029C134 /* PBXTargetDependency */,
			);
			name = "Checkers DemoTests";
			productName = "Checkers DemoTests";
			productReference = C0324A321ED1C86A0029C134 /* Checkers DemoTests.xctest */;
			productType = "com.apple.product-type.bundle.unit-test";
		};
		C0324A3C1ED1C86A0029C134 /* Checkers DemoUITests */ = {
			isa = PBXNativeTarget;
			buildConfigurationList = C0324A4C1ED1C86B0029C134 /* Build configuration list for PBXNativeTarget "Checkers DemoUITests" */;
			buildPhases = (
				C0324A391ED1C86A0029C134 /* Sources */,
				C0324A3A1ED1C86A0029C134 /* Frameworks */,
				C0324A3B1ED1C86A0029C134 /* Resources */,
			);
			buildRules = (
			);
			dependencies = (
				C0324A3F1ED1C86A0029C134 /* PBXTargetDependency */,
			);
			name = "Checkers DemoUITests";
			productName = "Checkers DemoUITests";
			productReference = C0324A3D1ED1C86A0029C134 /* Checkers DemoUITests.xctest */;
			productType = "com.apple.product-type.bundle.ui-testing";
		};
/* End PBXNativeTarget section */

/* Begin PBXProject section */
		C0324A0E1ED1C8690029C134 /* Project object */ = {
			isa = PBXProject;
			attributes = {
				LastUpgradeCheck = 0810;
				ORGANIZATIONNAME = "Pavel Podgornov";
				TargetAttributes = {
					C0324A151ED1C8690029C134 = {
						CreatedOnToolsVersion = 8.1;
						ProvisioningStyle = Automatic;
					};
					C0324A311ED1C86A0029C134 = {
						CreatedOnToolsVersion = 8.1;
						ProvisioningStyle = Automatic;
						TestTargetID = C0324A151ED1C8690029C134;
					};
					C0324A3C1ED1C86A0029C134 = {
						CreatedOnToolsVersion = 8.1;
						ProvisioningStyle = Automatic;
						TestTargetID = C0324A151ED1C8690029C134;
					};
				};
			};
			buildConfigurationList = C0324A111ED1C8690029C134 /* Build configuration list for PBXProject "Checkers Demo" */;
			compatibilityVersion = "Xcode 3.2";
			developmentRegion = English;
			hasScannedForEncodings = 0;
			knownRegions = (
				en,
				Base,
			);
			mainGroup = C0324A0D1ED1C8690029C134;
			productRefGroup = C0324A171ED1C8690029C134 /* Products */;
			projectDirPath = "";
			projectRoot = "";
			targets = (
				C0324A151ED1C8690029C134 /* Checkers Demo */,
				C0324A311ED1C86A0029C134 /* Checkers DemoTests */,
				C0324A3C1ED1C86A0029C134 /* Checkers DemoUITests */,
			);
		};
/* End PBXProject section */

/* Begin PBXResourcesBuildPhase section */
		C0324A141ED1C8690029C134 /* Resources */ = {
			isa = PBXResourcesBuildPhase;
			buildActionMask = 2147483647;
			files = (
				C0324A2C1ED1C8690029C134 /* LaunchScreen.storyboard in Resources */,
				C0324A291ED1C8690029C134 /* Assets.xcassets in Resources */,
				C0324A241ED1C8690029C134 /* Main.storyboard in Resources */,
			);
			runOnlyForDeploymentPostprocessing = 0;
		};
		C0324A301ED1C86A0029C134 /* Resources */ = {
			isa = PBXResourcesBuildPhase;
			buildActionMask = 2147483647;
			files = (
			);
			runOnlyForDeploymentPostprocessing = 0;
		};
		C0324A3B1ED1C86A0029C134 /* Resources */ = {
			isa = PBXResourcesBuildPhase;
			buildActionMask = 2147483647;
			files = (
			);
			runOnlyForDeploymentPostprocessing = 0;
		};
/* End PBXResourcesBuildPhase section */

/* Begin PBXSourcesBuildPhase section */
		C0324A121ED1C8690029C134 /* Sources */ = {
			isa = PBXSourcesBuildPhase;
			buildActionMask = 2147483647;
			files = (
				C0324A211ED1C8690029C134 /* ViewController.m in Sources */,
				C0324A1E1ED1C8690029C134 /* AppDelegate.m in Sources */,
				C0324A271ED1C8690029C134 /* Checkers_Demo.xcdatamodeld in Sources */,
				C0324A1B1ED1C8690029C134 /* main.m in Sources */,
			);
			runOnlyForDeploymentPostprocessing = 0;
		};
		C0324A2E1ED1C86A0029C134 /* Sources */ = {
			isa = PBXSourcesBuildPhase;
			buildActionMask = 2147483647;
			files = (
				C0324A371ED1C86A0029C134 /* Checkers_DemoTests.m in Sources */,
			);
			runOnlyForDeploymentPostprocessing = 0;
		};
		C0324A391ED1C86A0029C134 /* Sources */ = {
			isa = PBXSourcesBuildPhase;
			buildActionMask = 2147483647;
			files = (
				C0324A421ED1C86B0029C134 /* Checkers_DemoUITests.m in Sources */,
			);
			runOnlyForDeploymentPostprocessing = 0;
		};
/* End PBXSourcesBuildPhase section */

/* Begin PBXTargetDependency section */
		C0324A341ED1C86A0029C134 /* PBXTargetDependency */ = {
			isa = PBXTargetDependency;
			target = C0324A151ED1C8690029C134 /* Checkers Demo */;
			targetProxy = C0324A331ED1C86A0029C134 /* PBXContainerItemProxy */;
		};
		C0324A3F1ED1C86A0029C134 /* PBXTargetDependency */ = {
			isa = PBXTargetDependency;
			target = C0324A151ED1C8690029C134 /* Checkers Demo */;
			targetProxy = C0324A3E1ED1C86A0029C134 /* PBXContainerItemProxy */;
		};
/* End PBXTargetDependency section */

/* Begin PBXVariantGroup section */
		C0324A221ED1C8690029C134 /* Main.storyboard */ = {
			isa = PBXVariantGroup;
			children = (
				C0324A231ED1C8690029C134 /* Base */,
			);
			name = Main.storyboard;
			sourceTree = "<group>";
		};
		C0324A2A1ED1C8690029C134 /* LaunchScreen.storyboard */ = {
			isa = PBXVariantGroup;
			children = (
				C0324A2B1ED1C8690029C134 /* Base */,
			);
			name = LaunchScreen.storyboard;
			sourceTree = "<group>";
		};
/* End PBXVariantGroup section */

/* Begin XCBuildConfiguration section */
		C0324A441ED1C86B0029C134 /* Debug */ = {
			isa = XCBuildConfiguration;
			buildSettings = {
				ALWAYS_SEARCH_USER_PATHS = NO;
				CLANG_ANALYZER_NONNULL = YES;
				CLANG_CXX_LANGUAGE_STANDARD = "gnu++0x";
				CLANG_CXX_LIBRARY = "libc++";
				CLANG_ENABLE_MODULES = YES;
				CLANG_ENABLE_OBJC_ARC = YES;
				CLANG_WARN_BOOL_CONVERSION = YES;
				CLANG_WARN_CONSTANT_CONVERSION = YES;
				CLANG_WARN_DIRECT_OBJC_ISA_USAGE = YES_ERROR;
				CLANG_WARN_DOCUMENTATION_COMMENTS = YES;
				CLANG_WARN_EMPTY_BODY = YES;
				CLANG_WARN_ENUM_CONVERSION = YES;
				CLANG_WARN_INFINITE_RECURSION = YES;
				CLANG_WARN_INT_CONVERSION = YES;
				CLANG_WARN_OBJC_ROOT_CLASS = YES_ERROR;
				CLANG_WARN_SUSPICIOUS_MOVES = YES;
				CLANG_WARN_UNREACHABLE_CODE = YES;
				CLANG_WARN__DUPLICATE_METHOD_MATCH = YES;
				"CODE_SIGN_IDENTITY[sdk=iphoneos*]" = "iPhone Developer";
				COPY_PHASE_STRIP = NO;
				DEBUG_INFORMATION_FORMAT = dwarf;
				ENABLE_STRICT_OBJC_MSGSEND = YES;
				ENABLE_TESTABILITY = YES;
				GCC_C_LANGUAGE_STANDARD = gnu99;
				GCC_DYNAMIC_NO_PIC = NO;
				GCC_NO_COMMON_BLOCKS = YES;
				GCC_OPTIMIZATION_LEVEL = 0;
				GCC_PREPROCESSOR_DEFINITIONS = (
					"DEBUG=1",
					"$(inherited)",
				);
				GCC_WARN_64_TO_32_BIT_CONVERSION = YES;
				GCC_WARN_ABOUT_RETURN_TYPE = YES_ERROR;
				GCC_WARN_UNDECLARED_SELECTOR = YES;
				GCC_WARN_UNINITIALIZED_AUTOS = YES_AGGRESSIVE;
				GCC_WARN_UNUSED_FUNCTION = YES;
				GCC_WARN_UNUSED_VARIABLE = YES;
				IPHONEOS_DEPLOYMENT_TARGET = 10.1;
				MTL_ENABLE_DEBUG_INFO = YES;
				ONLY_ACTIVE_ARCH = YES;
				SDKROOT = iphoneos;
				TARGETED_DEVICE_FAMILY = "1,2";
			};
			name = Debug;
		};
		C0324A451ED1C86B0029C134 /* Release */ = {
			isa = XCBuildConfiguration;
			buildSettings = {
				ALWAYS_SEARCH_USER_PATHS = NO;
				CLANG_ANALYZER_NONNULL = YES;
				CLANG_CXX_LANGUAGE_STANDARD = "gnu++0x";
				CLANG_CXX_LIBRARY = "libc++";
				CLANG_ENABLE_MODULES = YES;
				CLANG_ENABLE_OBJC_ARC = YES;
				CLANG_WARN_BOOL_CONVERSION = YES;
				CLANG_WARN_CONSTANT_CONVERSION = YES;
				CLANG_WARN_DIRECT_OBJC_ISA_USAGE = YES_ERROR;
				CLANG_WARN_DOCUMENTATION_COMMENTS = YES;
				CLANG_WARN_EMPTY_BODY = YES;
				CLANG_WARN_ENUM_CONVERSION = YES;
				CLANG_WARN_INFINITE_RECURSION = YES;
				CLANG_WARN_INT_CONVERSION = YES;
				CLANG_WARN_OBJC_ROOT_CLASS = YES_ERROR;
				CLANG_WARN_SUSPICIOUS_MOVES = YES;
				CLANG_WARN_UNREACHABLE_CODE = YES;
				CLANG_WARN__DUPLICATE_METHOD_MATCH = YES;
				"CODE_SIGN_IDENTITY[sdk=iphoneos*]" = "iPhone Developer";
				COPY_PHASE_STRIP = NO;
				DEBUG_INFORMATION_FORMAT = "dwarf-with-dsym";
				ENABLE_NS_ASSERTIONS = NO;
				ENABLE_STRICT_OBJC_MSGSEND = YES;
				GCC_C_LANGUAGE_STANDARD = gnu99;
				GCC_NO_COMMON_BLOCKS = YES;
				GCC_WARN_64_TO_32_BIT_CONVERSION = YES;
				GCC_WARN_ABOUT_RETURN_TYPE = YES_ERROR;
				GCC_WARN_UNDECLARED_SELECTOR = YES;
				GCC_WARN_UNINITIALIZED_AUTOS = YES_AGGRESSIVE;
				GCC_WARN_UNUSED_FUNCTION = YES;
				GCC_WARN_UNUSED_VARIABLE = YES;
				IPHONEOS_DEPLOYMENT_TARGET = 10.1;
				MTL_ENABLE_DEBUG_INFO = NO;
				SDKROOT = iphoneos;
				TARGETED_DEVICE_FAMILY = "1,2";
				VALIDATE_PRODUCT = YES;
			};
			name = Release;
		};
		C0324A471ED1C86B0029C134 /* Debug */ = {
			isa = XCBuildConfiguration;
			buildSettings = {
				ASSETCATALOG_COMPILER_APPICON_NAME = AppIcon;
				INFOPLIST_FILE = "Checkers Demo/Info.plist";
				LD_RUNPATH_SEARCH_PATHS = "$(inherited) @executable_path/Frameworks";
				PRODUCT_BUNDLE_IDENTIFIER = "com.gromwel.Checkers-Demo";
				PRODUCT_NAME = "$(TARGET_NAME)";
			};
			name = Debug;
		};
		C0324A481ED1C86B0029C134 /* Release */ = {
			isa = XCBuildConfiguration;
			buildSettings = {
				ASSETCATALOG_COMPILER_APPICON_NAME = AppIcon;
				INFOPLIST_FILE = "Checkers Demo/Info.plist";
				LD_RUNPATH_SEARCH_PATHS = "$(inherited) @executable_path/Frameworks";
				PRODUCT_BUNDLE_IDENTIFIER = "com.gromwel.Checkers-Demo";
				PRODUCT_NAME = "$(TARGET_NAME)";
			};
			name = Release;
		};
		C0324A4A1ED1C86B0029C134 /* Debug */ = {
			isa = XCBuildConfiguration;
			buildSettings = {
				BUNDLE_LOADER = "$(TEST_HOST)";
				INFOPLIST_FILE = "Checkers DemoTests/Info.plist";
				LD_RUNPATH_SEARCH_PATHS = "$(inherited) @executable_path/Frameworks @loader_path/Frameworks";
				PRODUCT_BUNDLE_IDENTIFIER = "com.gromwel.Checkers-DemoTests";
				PRODUCT_NAME = "$(TARGET_NAME)";
				TEST_HOST = "$(BUILT_PRODUCTS_DIR)/Checkers Demo.app/Checkers Demo";
			};
			name = Debug;
		};
		C0324A4B1ED1C86B0029C134 /* Release */ = {
			isa = XCBuildConfiguration;
			buildSettings = {
				BUNDLE_LOADER = "$(TEST_HOST)";
				INFOPLIST_FILE = "Checkers DemoTests/Info.plist";
				LD_RUNPATH_SEARCH_PATHS = "$(inherited) @executable_path/Frameworks @loader_path/Frameworks";
				PRODUCT_BUNDLE_IDENTIFIER = "com.gromwel.Checkers-DemoTests";
				PRODUCT_NAME = "$(TARGET_NAME)";
				TEST_HOST = "$(BUILT_PRODUCTS_DIR)/Checkers Demo.app/Checkers Demo";
			};
			name = Release;
		};
		C0324A4D1ED1C86B0029C134 /* Debug */ = {
			isa = XCBuildConfiguration;
			buildSettings = {
				INFOPLIST_FILE = "Checkers DemoUITests/Info.plist";
				LD_RUNPATH_SEARCH_PATHS = "$(inherited) @executable_path/Frameworks @loader_path/Frameworks";
				PRODUCT_BUNDLE_IDENTIFIER = "com.gromwel.Checkers-DemoUITests";
				PRODUCT_NAME = "$(TARGET_NAME)";
				TEST_TARGET_NAME = "Checkers Demo";
			};
			name = Debug;
		};
		C0324A4E1ED1C86B0029C134 /* Release */ = {
			isa = XCBuildConfiguration;
			buildSettings = {
				INFOPLIST_FILE = "Checkers DemoUITests/Info.plist";
				LD_RUNPATH_SEARCH_PATHS = "$(inherited) @executable_path/Frameworks @loader_path/Frameworks";
				PRODUCT_BUNDLE_IDENTIFIER = "com.gromwel.Checkers-DemoUITests";
				PRODUCT_NAME = "$(TARGET_NAME)";
				TEST_TARGET_NAME = "Checkers Demo";
			};
			name = Release;
		};
/* End XCBuildConfiguration section */

/* Begin XCConfigurationList section */
		C0324A111ED1C8690029C134 /* Build configuration list for PBXProject "Checkers Demo" */ = {
			isa = XCConfigurationList;
			buildConfigurations = (
				C0324A441ED1C86B0029C134 /* Debug */,
				C0324A451ED1C86B0029C134 /* Release */,
			);
			defaultConfigurationIsVisible = 0;
			defaultConfigurationName = Release;
		};
		C0324A461ED1C86B0029C134 /* Build configuration list for PBXNativeTarget "Checkers Demo" */ = {
			isa = XCConfigurationList;
			buildConfigurations = (
				C0324A471ED1C86B0029C134 /* Debug */,
				C0324A481ED1C86B0029C134 /* Release */,
			);
			defaultConfigurationIsVisible = 0;
		};
		C0324A491ED1C86B0029C134 /* Build configuration list for PBXNativeTarget "Checkers DemoTests" */ = {
			isa = XCConfigurationList;
			buildConfigurations = (
				C0324A4A1ED1C86B0029C134 /* Debug */,
				C0324A4B1ED1C86B0029C134 /* Release */,
			);
			defaultConfigurationIsVisible = 0;
		};
		C0324A4C1ED1C86B0029C134 /* Build configuration list for PBXNativeTarget "Checkers DemoUITests" */ = {
			isa = XCConfigurationList;
			buildConfigurations = (
				C0324A4D1ED1C86B0029C134 /* Debug */,
				C0324A4E1ED1C86B0029C134 /* Release */,
			);
			defaultConfigurationIsVisible = 0;
		};
/* End XCConfigurationList section */

/* Begin XCVersionGroup section */
		C0324A251ED1C8690029C134 /* Checkers_Demo.xcdatamodeld */ = {
			isa = XCVersionGroup;
			children = (
				C0324A261ED1C8690029C134 /* Checkers_Demo.xcdatamodel */,
			);
			currentVersion = C0324A261ED1C8690029C134 /* Checkers_Demo.xcdatamodel */;
			path = Checkers_Demo.xcdatamodeld;
			sourceTree = "<group>";
			versionGroupType = wrapper.xcdatamodel;
		};
/* End XCVersionGroup section */
	};
	rootObject = C0324A0E1ED1C8690029C134 /* Project object */;
}
